
Microsoft Visual Studio Solution File, Format Version 12.00
# Visual Studio Version 17
VisualStudioVersion = 17.6.33829.357
MinimumVisualStudioVersion = 10.0.40219.1
Project("{FAE04EC0-301F-11D3-BF4B-00C04F79EFBC}") = "guthubapp", "guthubapp\guthubapp.csproj", "{336AF101-9C52-4091-9E2B-6099C6266547}"
EndProject
Global
	GlobalSection(SolutionConfigurationPlatforms) = preSolution
		Debug|Any CPU = Debug|Any CPU
		Release|Any CPU = Release|Any CPU
	EndGlobalSection
	GlobalSection(ProjectConfigurationPlatforms) = postSolution
		{336AF101-9C52-4091-9E2B-6099C6266547}.Debug|Any CPU.ActiveCfg = Debug|Any CPU
		{336AF101-9C52-4091-9E2B-6099C6266547}.Debug|Any CPU.Build.0 = Debug|Any CPU
		{336AF101-9C52-4091-9E2B-6099C6266547}.Release|Any CPU.ActiveCfg = Release|Any CPU
		{336AF101-9C52-4091-9E2B-6099C6266547}.Release|Any CPU.Build.0 = Release|Any CPU
	EndGlobalSection
	GlobalSection(SolutionProperties) = preSolution
		HideSolutionNode = FALSE
	EndGlobalSection
	GlobalSection(ExtensibilityGlobals) = postSolution
		SolutionGuid = {4DB97D3A-8010-43F3-89EF-43BD8E98B768}
	EndGlobalSection
EndGlobal
